
Microsoft Visual Studio Solution File, Format Version 12.00
# Visual Studio Version 17
VisualStudioVersion = 17.11.35312.102
MinimumVisualStudioVersion = 10.0.40219.1
Project("{FAE04EC0-301F-11D3-BF4B-00C04F79EFBC}") = "MVC", "MVC\MVC.csproj", "{D668B72E-03AE-44E6-86DA-E190479AD931}"
EndProject
Project("{FAE04EC0-301F-11D3-BF4B-00C04F79EFBC}") = "BLL", "BLL\BLL.csproj", "{950A86A9-5343-4964-8BBD-26ACA47F7D5A}"
EndProject
Global
	GlobalSection(SolutionConfigurationPlatforms) = preSolution
		Debug|Any CPU = Debug|Any CPU
		Release|Any CPU = Release|Any CPU
	EndGlobalSection
	GlobalSection(ProjectConfigurationPlatforms) = postSolution
		{D668B72E-03AE-44E6-86DA-E190479AD931}.Debug|Any CPU.ActiveCfg = Debug|Any CPU
		{D668B72E-03AE-44E6-86DA-E190479AD931}.Debug|Any CPU.Build.0 = Debug|Any CPU
		{D668B72E-03AE-44E6-86DA-E190479AD931}.Release|Any CPU.ActiveCfg = Release|Any CPU
		{D668B72E-03AE-44E6-86DA-E190479AD931}.Release|Any CPU.Build.0 = Release|Any CPU
		{950A86A9-5343-4964-8BBD-26ACA47F7D5A}.Debug|Any CPU.ActiveCfg = Debug|Any CPU
		{950A86A9-5343-4964-8BBD-26ACA47F7D5A}.Debug|Any CPU.Build.0 = Debug|Any CPU
		{950A86A9-5343-4964-8BBD-26ACA47F7D5A}.Release|Any CPU.ActiveCfg = Release|Any CPU
		{950A86A9-5343-4964-8BBD-26ACA47F7D5A}.Release|Any CPU.Build.0 = Release|Any CPU
	EndGlobalSection
	GlobalSection(SolutionProperties) = preSolution
		HideSolutionNode = FALSE
	EndGlobalSection
	GlobalSection(ExtensibilityGlobals) = postSolution
		SolutionGuid = {79E13798-31C7-4AB9-86CB-E2E19F923DBB}
	EndGlobalSection
EndGlobal
